
Microsoft Visual Studio Solution File, Format Version 12.00
# Visual Studio 14
VisualStudioVersion = 14.0.25123.0
MinimumVisualStudioVersion = 10.0.40219.1
Project("{FAE04EC0-301F-11D3-BF4B-00C04F79EFBC}") = "SQLiteDemo.Views", "SQLiteDemo.Views\SQLiteDemo.Views.csproj", "{FCD3C24D-ED0A-4DCE-8E92-BAAE73B62478}"
EndProject
Project("{FAE04EC0-301F-11D3-BF4B-00C04F79EFBC}") = "SQLiteDemo.Models", "SQLiteDemo.Models\SQLiteDemo.Models.csproj", "{5E0F5CF3-6CB4-4AC4-A47D-685397C7F374}"
EndProject
Project("{FAE04EC0-301F-11D3-BF4B-00C04F79EFBC}") = "SQLiteDemo.ViewModels", "SQLiteDemo.ViewModels\SQLiteDemo.ViewModels.csproj", "{1CBCF223-72D8-4388-AE67-E9D2D1311DF3}"
EndProject
Global
	GlobalSection(SolutionConfigurationPlatforms) = preSolution
		Debug|Any CPU = Debug|Any CPU
		Debug|ARM = Debug|ARM
		Debug|x64 = Debug|x64
		Debug|x86 = Debug|x86
		Release|Any CPU = Release|Any CPU
		Release|ARM = Release|ARM
		Release|x64 = Release|x64
		Release|x86 = Release|x86
	EndGlobalSection
	GlobalSection(ProjectConfigurationPlatforms) = postSolution
		{FCD3C24D-ED0A-4DCE-8E92-BAAE73B62478}.Debug|Any CPU.ActiveCfg = Debug|x86
		{FCD3C24D-ED0A-4DCE-8E92-BAAE73B62478}.Debug|ARM.ActiveCfg = Debug|ARM
		{FCD3C24D-ED0A-4DCE-8E92-BAAE73B62478}.Debug|ARM.Build.0 = Debug|ARM
		{FCD3C24D-ED0A-4DCE-8E92-BAAE73B62478}.Debug|ARM.Deploy.0 = Debug|ARM
		{FCD3C24D-ED0A-4DCE-8E92-BAAE73B62478}.Debug|x64.ActiveCfg = Debug|x64
		{FCD3C24D-ED0A-4DCE-8E92-BAAE73B62478}.Debug|x64.Build.0 = Debug|x64
		{FCD3C24D-ED0A-4DCE-8E92-BAAE73B62478}.Debug|x64.Deploy.0 = Debug|x64
		{FCD3C24D-ED0A-4DCE-8E92-BAAE73B62478}.Debug|x86.ActiveCfg = Debug|x86
		{FCD3C24D-ED0A-4DCE-8E92-BAAE73B62478}.Debug|x86.Build.0 = Debug|x86
		{FCD3C24D-ED0A-4DCE-8E92-BAAE73B62478}.Debug|x86.Deploy.0 = Debug|x86
		{FCD3C24D-ED0A-4DCE-8E92-BAAE73B62478}.Release|Any CPU.ActiveCfg = Release|x86
		{FCD3C24D-ED0A-4DCE-8E92-BAAE73B62478}.Release|ARM.ActiveCfg = Release|ARM
		{FCD3C24D-ED0A-4DCE-8E92-BAAE73B62478}.Release|ARM.Build.0 = Release|ARM
		{FCD3C24D-ED0A-4DCE-8E92-BAAE73B62478}.Release|ARM.Deploy.0 = Release|ARM
		{FCD3C24D-ED0A-4DCE-8E92-BAAE73B62478}.Release|x64.ActiveCfg = Release|x64
		{FCD3C24D-ED0A-4DCE-8E92-BAAE73B62478}.Release|x64.Build.0 = Release|x64
		{FCD3C24D-ED0A-4DCE-8E92-BAAE73B62478}.Release|x64.Deploy.0 = Release|x64
		{FCD3C24D-ED0A-4DCE-8E92-BAAE73B62478}.Release|x86.ActiveCfg = Release|x86
		{FCD3C24D-ED0A-4DCE-8E92-BAAE73B62478}.Release|x86.Build.0 = Release|x86
		{FCD3C24D-ED0A-4DCE-8E92-BAAE73B62478}.Release|x86.Deploy.0 = Release|x86
		{5E0F5CF3-6CB4-4AC4-A47D-685397C7F374}.Debug|Any CPU.ActiveCfg = Debug|Any CPU
		{5E0F5CF3-6CB4-4AC4-A47D-685397C7F374}.Debug|Any CPU.Build.0 = Debug|Any CPU
		{5E0F5CF3-6CB4-4AC4-A47D-685397C7F374}.Debug|ARM.ActiveCfg = Debug|ARM
		{5E0F5CF3-6CB4-4AC4-A47D-685397C7F374}.Debug|ARM.Build.0 = Debug|ARM
		{5E0F5CF3-6CB4-4AC4-A47D-685397C7F374}.Debug|x64.ActiveCfg = Debug|x64
		{5E0F5CF3-6CB4-4AC4-A47D-685397C7F374}.Debug|x64.Build.0 = Debug|x64
		{5E0F5CF3-6CB4-4AC4-A47D-685397C7F374}.Debug|x86.ActiveCfg = Debug|x86
		{5E0F5CF3-6CB4-4AC4-A47D-685397C7F374}.Debug|x86.Build.0 = Debug|x86
		{5E0F5CF3-6CB4-4AC4-A47D-685397C7F374}.Release|Any CPU.ActiveCfg = Release|Any CPU
		{5E0F5CF3-6CB4-4AC4-A47D-685397C7F374}.Release|Any CPU.Build.0 = Release|Any CPU
		{5E0F5CF3-6CB4-4AC4-A47D-685397C7F374}.Release|ARM.ActiveCfg = Release|ARM
		{5E0F5CF3-6CB4-4AC4-A47D-685397C7F374}.Release|ARM.Build.0 = Release|ARM
		{5E0F5CF3-6CB4-4AC4-A47D-685397C7F374}.Release|x64.ActiveCfg = Release|x64
		{5E0F5CF3-6CB4-4AC4-A47D-685397C7F374}.Release|x64.Build.0 = Release|x64
		{5E0F5CF3-6CB4-4AC4-A47D-685397C7F374}.Release|x86.ActiveCfg = Release|x86
		{5E0F5CF3-6CB4-4AC4-A47D-685397C7F374}.Release|x86.Build.0 = Release|x86
		{1CBCF223-72D8-4388-AE67-E9D2D1311DF3}.Debug|Any CPU.ActiveCfg = Debug|Any CPU
		{1CBCF223-72D8-4388-AE67-E9D2D1311DF3}.Debug|Any CPU.Build.0 = Debug|Any CPU
		{1CBCF223-72D8-4388-AE67-E9D2D1311DF3}.Debug|ARM.ActiveCfg = Debug|ARM
		{1CBCF223-72D8-4388-AE67-E9D2D1311DF3}.Debug|ARM.Build.0 = Debug|ARM
		{1CBCF223-72D8-4388-AE67-E9D2D1311DF3}.Debug|x64.ActiveCfg = Debug|x64
		{1CBCF223-72D8-4388-AE67-E9D2D1311DF3}.Debug|x64.Build.0 = Debug|x64
		{1CBCF223-72D8-4388-AE67-E9D2D1311DF3}.Debug|x86.ActiveCfg = Debug|x86
		{1CBCF223-72D8-4388-AE67-E9D2D1311DF3}.Debug|x86.Build.0 = Debug|x86
		{1CBCF223-72D8-4388-AE67-E9D2D1311DF3}.Release|Any CPU.ActiveCfg = Release|Any CPU
		{1CBCF223-72D8-4388-AE67-E9D2D1311DF3}.Release|Any CPU.Build.0 = Release|Any CPU
		{1CBCF223-72D8-4388-AE67-E9D2D1311DF3}.Release|ARM.ActiveCfg = Release|ARM
		{1CBCF223-72D8-4388-AE67-E9D2D1311DF3}.Release|ARM.Build.0 = Release|ARM
		{1CBCF223-72D8-4388-AE67-E9D2D1311DF3}.Release|x64.ActiveCfg = Release|x64
		{1CBCF223-72D8-4388-AE67-E9D2D1311DF3}.Release|x64.Build.0 = Release|x64
		{1CBCF223-72D8-4388-AE67-E9D2D1311DF3}.Release|x86.ActiveCfg = Release|x86
		{1CBCF223-72D8-4388-AE67-E9D2D1311DF3}.Release|x86.Build.0 = Release|x86
	EndGlobalSection
	GlobalSection(SolutionProperties) = preSolution
		HideSolutionNode = FALSE
	EndGlobalSection
EndGlobal
